
Microsoft Visual Studio Solution File, Format Version 12.00
# Visual Studio Version 16
VisualStudioVersion = 16.0.808.4
MinimumVisualStudioVersion = 10.0.40219.1
Project("{FAE04EC0-301F-11D3-BF4B-00C04F79EFBC}") = "Muruwari-Lang", "Muruwari-Lang\Muruwari-Lang.csproj", "{28F668DE-8E0B-4E71-9EE5-68599BC3DD59}"
EndProject
Global
	GlobalSection(SolutionConfigurationPlatforms) = preSolution
		Debug|Any CPU = Debug|Any CPU
		Release|Any CPU = Release|Any CPU
	EndGlobalSection
	GlobalSection(ProjectConfigurationPlatforms) = postSolution
		{28F668DE-8E0B-4E71-9EE5-68599BC3DD59}.Debug|Any CPU.ActiveCfg = Debug|Any CPU
		{28F668DE-8E0B-4E71-9EE5-68599BC3DD59}.Debug|Any CPU.Build.0 = Debug|Any CPU
		{28F668DE-8E0B-4E71-9EE5-68599BC3DD59}.Release|Any CPU.ActiveCfg = Release|Any CPU
		{28F668DE-8E0B-4E71-9EE5-68599BC3DD59}.Release|Any CPU.Build.0 = Release|Any CPU
	EndGlobalSection
	GlobalSection(SolutionProperties) = preSolution
		HideSolutionNode = FALSE
	EndGlobalSection
	GlobalSection(ExtensibilityGlobals) = postSolution
		SolutionGuid = {D9097707-CFC0-4155-B0F3-B6D638200514}
	EndGlobalSection
EndGlobal
